<?xml version="1.0" encoding="utf-8"?>
<Project ToolsVersion="4.0" xmlns="http://schemas.microsoft.com/developer/msbuild/2003">
  <ItemGroup>
    <Filter Include="Source Files">
      <UniqueIdentifier>{4FC737F1-C7A5-4376-A066-2A32D752A2FF}</UniqueIdentifier>
      <Extensions>cpp;c;cc;cxx;def;odl;idl;hpj;bat;asm;asmx</Extensions>
    </Filter>
    <Filter Include="Header Files">
      <UniqueIdentifier>{93995380-89BD-4b04-88EB-625FBE52EBFB}</UniqueIdentifier>
      <Extensions>h;hh;hpp;hxx;hm;inl;inc;xsd</Extensions>
    </Filter>
    <Filter Include="Resource Files">
      <UniqueIdentifier>{67DA6AB6-F800-4c08-8B7A-83BB121AAD01}</UniqueIdentifier>
      <Extensions>rc;ico;cur;bmp;dlg;rc2;rct;bin;rgs;gif;jpg;jpeg;jpe;resx;tiff;tif;png;wav</Extensions>
    </Filter>
  </ItemGroup>
  <ItemGroup>
    <ClCompile Include="getpid\GetPID2.cpp">
      <Filter>Source Files</Filter>
    </ClCompile>
    <ClCompile Include="gettime\GetTime0.cpp">
      <Filter>Source Files</Filter>
    </ClCompile>
    <ClCompile Include="gettime\GetTime4.cpp">
      <Filter>Source Files</Filter>
    </ClCompile>
    <ClCompile Include="gettime\GetTime5.cpp">
      <Filter>Source Files</Filter>
    </ClCompile>
    <ClCompile Include="makedesc\MakeDesc.cpp">
      <Filter>Source Files</Filter>
    </ClCompile>
    <ClCompile Include="makedesc\MakeDescAux.cpp">
      <Filter>Source Files</Filter>
    </ClCompile>
    <ClCompile Include="misc\gen_gmp_aux.cpp">
      <Filter>Source Files</Filter>
    </ClCompile>
    <ClCompile Include="misc\newnames.cpp">
      <Filter>Source Files</Filter>
    </ClCompile>
    <ClCompile Include="src\BasicThreadPool.cpp">
      <Filter>Source Files</Filter>
    </ClCompile>
    <ClCompile Include="src\ctools.cpp">
      <Filter>Source Files</Filter>
    </ClCompile>
    <ClCompile Include="src\FacVec.cpp">
      <Filter>Source Files</Filter>
    </ClCompile>
    <ClCompile Include="src\FFT.cpp">
      <Filter>Source Files</Filter>
    </ClCompile>
    <ClCompile Include="src\fileio.cpp">
      <Filter>Source Files</Filter>
    </ClCompile>
    <ClCompile Include="src\GetPID.cpp">
      <Filter>Source Files</Filter>
    </ClCompile>
    <ClCompile Include="src\GetTime.cpp">
      <Filter>Source Files</Filter>
    </ClCompile>
    <ClCompile Include="src\GF2.cpp">
      <Filter>Source Files</Filter>
    </ClCompile>
    <ClCompile Include="src\GF2E.cpp">
      <Filter>Source Files</Filter>
    </ClCompile>
    <ClCompile Include="src\GF2EX.cpp">
      <Filter>Source Files</Filter>
    </ClCompile>
    <ClCompile Include="src\GF2EXFactoring.cpp">
      <Filter>Source Files</Filter>
    </ClCompile>
    <ClCompile Include="src\GF2X.cpp">
      <Filter>Source Files</Filter>
    </ClCompile>
    <ClCompile Include="src\GF2X1.cpp">
      <Filter>Source Files</Filter>
    </ClCompile>
    <ClCompile Include="src\GF2XFactoring.cpp">
      <Filter>Source Files</Filter>
    </ClCompile>
    <ClCompile Include="src\GF2XVec.cpp">
      <Filter>Source Files</Filter>
    </ClCompile>
    <ClCompile Include="src\G_LLL_FP.cpp">
      <Filter>Source Files</Filter>
    </ClCompile>
    <ClCompile Include="src\G_LLL_QP.cpp">
      <Filter>Source Files</Filter>
    </ClCompile>
    <ClCompile Include="src\G_LLL_RR.cpp">
      <Filter>Source Files</Filter>
    </ClCompile>
    <ClCompile Include="src\G_LLL_XD.cpp">
      <Filter>Source Files</Filter>
    </ClCompile>
    <ClCompile Include="src\HNF.cpp">
      <Filter>Source Files</Filter>
    </ClCompile>
    <ClCompile Include="src\lip.cpp">
      <Filter>Source Files</Filter>
    </ClCompile>
    <ClCompile Include="src\LLL.cpp">
      <Filter>Source Files</Filter>
    </ClCompile>
    <ClCompile Include="src\LLL_FP.cpp">
      <Filter>Source Files</Filter>
    </ClCompile>
    <ClCompile Include="src\LLL_QP.cpp">
      <Filter>Source Files</Filter>
    </ClCompile>
    <ClCompile Include="src\LLL_RR.cpp">
      <Filter>Source Files</Filter>
    </ClCompile>
    <ClCompile Include="src\LLL_XD.cpp">
      <Filter>Source Files</Filter>
    </ClCompile>
    <ClCompile Include="src\lzz_p.cpp">
      <Filter>Source Files</Filter>
    </ClCompile>
    <ClCompile Include="src\lzz_pE.cpp">
      <Filter>Source Files</Filter>
    </ClCompile>
    <ClCompile Include="src\lzz_pEX.cpp">
      <Filter>Source Files</Filter>
    </ClCompile>
    <ClCompile Include="src\lzz_pEXFactoring.cpp">
      <Filter>Source Files</Filter>
    </ClCompile>
    <ClCompile Include="src\lzz_pX.cpp">
      <Filter>Source Files</Filter>
    </ClCompile>
    <ClCompile Include="src\lzz_pX1.cpp">
      <Filter>Source Files</Filter>
    </ClCompile>
    <ClCompile Include="src\lzz_pXCharPoly.cpp">
      <Filter>Source Files</Filter>
    </ClCompile>
    <ClCompile Include="src\lzz_pXFactoring.cpp">
      <Filter>Source Files</Filter>
    </ClCompile>
    <ClCompile Include="src\mat_GF2.cpp">
      <Filter>Source Files</Filter>
    </ClCompile>
    <ClCompile Include="src\mat_GF2E.cpp">
      <Filter>Source Files</Filter>
    </ClCompile>
    <ClCompile Include="src\mat_lzz_p.cpp">
      <Filter>Source Files</Filter>
    </ClCompile>
    <ClCompile Include="src\mat_lzz_pE.cpp">
      <Filter>Source Files</Filter>
    </ClCompile>
    <ClCompile Include="src\mat_poly_lzz_p.cpp">
      <Filter>Source Files</Filter>
    </ClCompile>
    <ClCompile Include="src\mat_poly_ZZ.cpp">
      <Filter>Source Files</Filter>
    </ClCompile>
    <ClCompile Include="src\mat_poly_ZZ_p.cpp">
      <Filter>Source Files</Filter>
    </ClCompile>
    <ClCompile Include="src\mat_RR.cpp">
      <Filter>Source Files</Filter>
    </ClCompile>
    <ClCompile Include="src\mat_ZZ.cpp">
      <Filter>Source Files</Filter>
    </ClCompile>
    <ClCompile Include="src\mat_ZZ_p.cpp">
      <Filter>Source Files</Filter>
    </ClCompile>
    <ClCompile Include="src\mat_ZZ_pE.cpp">
      <Filter>Source Files</Filter>
    </ClCompile>
    <ClCompile Include="src\quad_float.cpp">
      <Filter>Source Files</Filter>
    </ClCompile>
    <ClCompile Include="src\RR.cpp">
      <Filter>Source Files</Filter>
    </ClCompile>
    <ClCompile Include="src\thread.cpp">
      <Filter>Source Files</Filter>
    </ClCompile>
    <ClCompile Include="src\tools.cpp">
      <Filter>Source Files</Filter>
    </ClCompile>
    <ClCompile Include="src\vec_GF2.cpp">
      <Filter>Source Files</Filter>
    </ClCompile>
    <ClCompile Include="src\vec_GF2E.cpp">
      <Filter>Source Files</Filter>
    </ClCompile>
    <ClCompile Include="src\vec_lzz_p.cpp">
      <Filter>Source Files</Filter>
    </ClCompile>
    <ClCompile Include="src\vec_lzz_pE.cpp">
      <Filter>Source Files</Filter>
    </ClCompile>
    <ClCompile Include="src\vec_RR.cpp">
      <Filter>Source Files</Filter>
    </ClCompile>
    <ClCompile Include="src\vec_ZZ.cpp">
      <Filter>Source Files</Filter>
    </ClCompile>
    <ClCompile Include="src\vec_ZZ_p.cpp">
      <Filter>Source Files</Filter>
    </ClCompile>
    <ClCompile Include="src\vec_ZZ_pE.cpp">
      <Filter>Source Files</Filter>
    </ClCompile>
    <ClCompile Include="src\WordVector.cpp">
      <Filter>Source Files</Filter>
    </ClCompile>
    <ClCompile Include="src\xdouble.cpp">
      <Filter>Source Files</Filter>
    </ClCompile>
    <ClCompile Include="src\ZZ.cpp">
      <Filter>Source Files</Filter>
    </ClCompile>
    <ClCompile Include="src\ZZVec.cpp">
      <Filter>Source Files</Filter>
    </ClCompile>
    <ClCompile Include="src\ZZX.cpp">
      <Filter>Source Files</Filter>
    </ClCompile>
    <ClCompile Include="src\ZZX1.cpp">
      <Filter>Source Files</Filter>
    </ClCompile>
    <ClCompile Include="src\ZZXCharPoly.cpp">
      <Filter>Source Files</Filter>
    </ClCompile>
    <ClCompile Include="src\ZZXFactoring.cpp">
      <Filter>Source Files</Filter>
    </ClCompile>
    <ClCompile Include="src\ZZ_p.cpp">
      <Filter>Source Files</Filter>
    </ClCompile>
    <ClCompile Include="src\ZZ_pE.cpp">
      <Filter>Source Files</Filter>
    </ClCompile>
    <ClCompile Include="src\ZZ_pEX.cpp">
      <Filter>Source Files</Filter>
    </ClCompile>
    <ClCompile Include="src\ZZ_pEXFactoring.cpp">
      <Filter>Source Files</Filter>
    </ClCompile>
    <ClCompile Include="src\ZZ_pX.cpp">
      <Filter>Source Files</Filter>
    </ClCompile>
    <ClCompile Include="src\ZZ_pX1.cpp">
      <Filter>Source Files</Filter>
    </ClCompile>
    <ClCompile Include="src\ZZ_pXCharPoly.cpp">
      <Filter>Source Files</Filter>
    </ClCompile>
    <ClCompile Include="src\ZZ_pXFactoring.cpp">
      <Filter>Source Files</Filter>
    </ClCompile>
    <ClCompile Include="tests\BerlekampTest.cpp">
      <Filter>Source Files</Filter>
    </ClCompile>
    <ClCompile Include="tests\BitMatTest.cpp">
      <Filter>Source Files</Filter>
    </ClCompile>
    <ClCompile Include="tests\CanZassTest.cpp">
      <Filter>Source Files</Filter>
    </ClCompile>
    <ClCompile Include="tests\CharPolyTest.cpp">
      <Filter>Source Files</Filter>
    </ClCompile>
    <ClCompile Include="tests\ExceptionTest.cpp">
      <Filter>Source Files</Filter>
    </ClCompile>
    <ClCompile Include="tests\GF2EXTest.cpp">
      <Filter>Source Files</Filter>
    </ClCompile>
    <ClCompile Include="tests\GF2XTest.cpp">
      <Filter>Source Files</Filter>
    </ClCompile>
    <ClCompile Include="tests\LLLTest.cpp">
      <Filter>Source Files</Filter>
    </ClCompile>
    <ClCompile Include="tests\lzz_pEXTest.cpp">
      <Filter>Source Files</Filter>
    </ClCompile>
    <ClCompile Include="tests\MatrixTest.cpp">
      <Filter>Source Files</Filter>
    </ClCompile>
    <ClCompile Include="tests\mat_lzz_pTest.cpp">
      <Filter>Source Files</Filter>
    </ClCompile>
    <ClCompile Include="tests\MoreFacTest.cpp">
      <Filter>Source Files</Filter>
    </ClCompile>
    <ClCompile Include="tests\QuadTest.cpp">
      <Filter>Source Files</Filter>
    </ClCompile>
    <ClCompile Include="tests\QuickTest.cpp">
      <Filter>Source Files</Filter>
    </ClCompile>
    <ClCompile Include="tests\RRTest.cpp">
      <Filter>Source Files</Filter>
    </ClCompile>
    <ClCompile Include="tests\subset.cpp">
      <Filter>Source Files</Filter>
    </ClCompile>
    <ClCompile Include="tests\ThreadTest.cpp">
      <Filter>Source Files</Filter>
    </ClCompile>
    <ClCompile Include="tests\Timing.cpp">
      <Filter>Source Files</Filter>
    </ClCompile>
    <ClCompile Include="tests\ZZXFacTest.cpp">
      <Filter>Source Files</Filter>
    </ClCompile>
    <ClCompile Include="tests\ZZ_pEXTest.cpp">
      <Filter>Source Files</Filter>
    </ClCompile>
  </ItemGroup>
  <ItemGroup>
    <ClInclude Include="include\ntl\BasicThreadPool.h">
      <Filter>Header Files</Filter>
    </ClInclude>
    <ClInclude Include="include\ntl\config.h">
      <Filter>Header Files</Filter>
    </ClInclude>
    <ClInclude Include="include\ntl\ctools.h">
      <Filter>Header Files</Filter>
    </ClInclude>
    <ClInclude Include="include\ntl\c_lip.h">
      <Filter>Header Files</Filter>
    </ClInclude>
    <ClInclude Include="include\ntl\def_config.h">
      <Filter>Header Files</Filter>
    </ClInclude>
    <ClInclude Include="include\ntl\FacVec.h">
      <Filter>Header Files</Filter>
    </ClInclude>
    <ClInclude Include="include\ntl\FFT.h">
      <Filter>Header Files</Filter>
    </ClInclude>
    <ClInclude Include="include\ntl\fileio.h">
      <Filter>Header Files</Filter>
    </ClInclude>
    <ClInclude Include="include\ntl\GF2.h">
      <Filter>Header Files</Filter>
    </ClInclude>
    <ClInclude Include="include\ntl\GF2E.h">
      <Filter>Header Files</Filter>
    </ClInclude>
    <ClInclude Include="include\ntl\GF2EX.h">
      <Filter>Header Files</Filter>
    </ClInclude>
    <ClInclude Include="include\ntl\GF2EXFactoring.h">
      <Filter>Header Files</Filter>
    </ClInclude>
    <ClInclude Include="include\ntl\GF2X.h">
      <Filter>Header Files</Filter>
    </ClInclude>
    <ClInclude Include="include\ntl\GF2XFactoring.h">
      <Filter>Header Files</Filter>
    </ClInclude>
    <ClInclude Include="include\ntl\GF2XVec.h">
      <Filter>Header Files</Filter>
    </ClInclude>
    <ClInclude Include="include\ntl\g_lip.h">
      <Filter>Header Files</Filter>
    </ClInclude>
    <ClInclude Include="include\ntl\HAVE_AVX.h">
      <Filter>Header Files</Filter>
    </ClInclude>
    <ClInclude Include="include\ntl\HAVE_BUILTIN_CLZL.h">
      <Filter>Header Files</Filter>
    </ClInclude>
    <ClInclude Include="include\ntl\HAVE_FMA.h">
      <Filter>Header Files</Filter>
    </ClInclude>
    <ClInclude Include="include\ntl\HAVE_LL_TYPE.h">
      <Filter>Header Files</Filter>
    </ClInclude>
    <ClInclude Include="include\ntl\HNF.h">
      <Filter>Header Files</Filter>
    </ClInclude>
    <ClInclude Include="include\ntl\Lazy.h">
      <Filter>Header Files</Filter>
    </ClInclude>
    <ClInclude Include="include\ntl\LazyTable.h">
      <Filter>Header Files</Filter>
    </ClInclude>
    <ClInclude Include="include\ntl\lip.h">
      <Filter>Header Files</Filter>
    </ClInclude>
    <ClInclude Include="include\ntl\LLL.h">
      <Filter>Header Files</Filter>
    </ClInclude>
    <ClInclude Include="include\ntl\lzz_p.h">
      <Filter>Header Files</Filter>
    </ClInclude>
    <ClInclude Include="include\ntl\lzz_pE.h">
      <Filter>Header Files</Filter>
    </ClInclude>
    <ClInclude Include="include\ntl\lzz_pEX.h">
      <Filter>Header Files</Filter>
    </ClInclude>
    <ClInclude Include="include\ntl\lzz_pEXFactoring.h">
      <Filter>Header Files</Filter>
    </ClInclude>
    <ClInclude Include="include\ntl\lzz_pX.h">
      <Filter>Header Files</Filter>
    </ClInclude>
    <ClInclude Include="include\ntl\lzz_pXFactoring.h">
      <Filter>Header Files</Filter>
    </ClInclude>
    <ClInclude Include="include\ntl\mach_desc.h">
      <Filter>Header Files</Filter>
    </ClInclude>
    <ClInclude Include="include\ntl\matrix.h">
      <Filter>Header Files</Filter>
    </ClInclude>
    <ClInclude Include="include\ntl\mat_GF2.h">
      <Filter>Header Files</Filter>
    </ClInclude>
    <ClInclude Include="include\ntl\mat_GF2E.h">
      <Filter>Header Files</Filter>
    </ClInclude>
    <ClInclude Include="include\ntl\mat_lzz_p.h">
      <Filter>Header Files</Filter>
    </ClInclude>
    <ClInclude Include="include\ntl\mat_lzz_pE.h">
      <Filter>Header Files</Filter>
    </ClInclude>
    <ClInclude Include="include\ntl\mat_poly_lzz_p.h">
      <Filter>Header Files</Filter>
    </ClInclude>
    <ClInclude Include="include\ntl\mat_poly_ZZ.h">
      <Filter>Header Files</Filter>
    </ClInclude>
    <ClInclude Include="include\ntl\mat_poly_ZZ_p.h">
      <Filter>Header Files</Filter>
    </ClInclude>
    <ClInclude Include="include\ntl\mat_RR.h">
      <Filter>Header Files</Filter>
    </ClInclude>
    <ClInclude Include="include\ntl\mat_ZZ.h">
      <Filter>Header Files</Filter>
    </ClInclude>
    <ClInclude Include="include\ntl\mat_ZZ_p.h">
      <Filter>Header Files</Filter>
    </ClInclude>
    <ClInclude Include="include\ntl\mat_ZZ_pE.h">
      <Filter>Header Files</Filter>
    </ClInclude>
    <ClInclude Include="include\ntl\new.h">
      <Filter>Header Files</Filter>
    </ClInclude>
    <ClInclude Include="include\ntl\pair.h">
      <Filter>Header Files</Filter>
    </ClInclude>
    <ClInclude Include="include\ntl\pair_GF2EX_long.h">
      <Filter>Header Files</Filter>
    </ClInclude>
    <ClInclude Include="include\ntl\pair_GF2X_long.h">
      <Filter>Header Files</Filter>
    </ClInclude>
    <ClInclude Include="include\ntl\pair_lzz_pEX_long.h">
      <Filter>Header Files</Filter>
    </ClInclude>
    <ClInclude Include="include\ntl\pair_lzz_pX_long.h">
      <Filter>Header Files</Filter>
    </ClInclude>
    <ClInclude Include="include\ntl\pair_ZZX_long.h">
      <Filter>Header Files</Filter>
    </ClInclude>
    <ClInclude Include="include\ntl\pair_ZZ_pEX_long.h">
      <Filter>Header Files</Filter>
    </ClInclude>
    <ClInclude Include="include\ntl\pair_ZZ_pX_long.h">
      <Filter>Header Files</Filter>
    </ClInclude>
    <ClInclude Include="include\ntl\quad_float.h">
      <Filter>Header Files</Filter>
    </ClInclude>
    <ClInclude Include="include\ntl\RR.h">
      <Filter>Header Files</Filter>
    </ClInclude>
    <ClInclude Include="include\ntl\SmartPtr.h">
      <Filter>Header Files</Filter>
    </ClInclude>
    <ClInclude Include="include\ntl\SPMM_ASM.h">
      <Filter>Header Files</Filter>
    </ClInclude>
    <ClInclude Include="include\ntl\sp_arith.h">
      <Filter>Header Files</Filter>
    </ClInclude>
    <ClInclude Include="include\ntl\thread.h">
      <Filter>Header Files</Filter>
    </ClInclude>
    <ClInclude Include="include\ntl\tools.h">
      <Filter>Header Files</Filter>
    </ClInclude>
    <ClInclude Include="include\ntl\vector.h">
      <Filter>Header Files</Filter>
    </ClInclude>
    <ClInclude Include="include\ntl\vec_double.h">
      <Filter>Header Files</Filter>
    </ClInclude>
    <ClInclude Include="include\ntl\vec_GF2.h">
      <Filter>Header Files</Filter>
    </ClInclude>
    <ClInclude Include="include\ntl\vec_GF2E.h">
      <Filter>Header Files</Filter>
    </ClInclude>
    <ClInclude Include="include\ntl\vec_GF2XVec.h">
      <Filter>Header Files</Filter>
    </ClInclude>
    <ClInclude Include="include\ntl\vec_long.h">
      <Filter>Header Files</Filter>
    </ClInclude>
    <ClInclude Include="include\ntl\vec_lzz_p.h">
      <Filter>Header Files</Filter>
    </ClInclude>
    <ClInclude Include="include\ntl\vec_lzz_pE.h">
      <Filter>Header Files</Filter>
    </ClInclude>
    <ClInclude Include="include\ntl\vec_quad_float.h">
      <Filter>Header Files</Filter>
    </ClInclude>
    <ClInclude Include="include\ntl\vec_RR.h">
      <Filter>Header Files</Filter>
    </ClInclude>
    <ClInclude Include="include\ntl\vec_ulong.h">
      <Filter>Header Files</Filter>
    </ClInclude>
    <ClInclude Include="include\ntl\vec_vec_GF2.h">
      <Filter>Header Files</Filter>
    </ClInclude>
    <ClInclude Include="include\ntl\vec_vec_GF2E.h">
      <Filter>Header Files</Filter>
    </ClInclude>
    <ClInclude Include="include\ntl\vec_vec_long.h">
      <Filter>Header Files</Filter>
    </ClInclude>
    <ClInclude Include="include\ntl\vec_vec_lzz_p.h">
      <Filter>Header Files</Filter>
    </ClInclude>
    <ClInclude Include="include\ntl\vec_vec_lzz_pE.h">
      <Filter>Header Files</Filter>
    </ClInclude>
    <ClInclude Include="include\ntl\vec_vec_RR.h">
      <Filter>Header Files</Filter>
    </ClInclude>
    <ClInclude Include="include\ntl\vec_vec_ulong.h">
      <Filter>Header Files</Filter>
    </ClInclude>
    <ClInclude Include="include\ntl\vec_vec_ZZ.h">
      <Filter>Header Files</Filter>
    </ClInclude>
    <ClInclude Include="include\ntl\vec_vec_ZZ_p.h">
      <Filter>Header Files</Filter>
    </ClInclude>
    <ClInclude Include="include\ntl\vec_vec_ZZ_pE.h">
      <Filter>Header Files</Filter>
    </ClInclude>
    <ClInclude Include="include\ntl\vec_xdouble.h">
      <Filter>Header Files</Filter>
    </ClInclude>
    <ClInclude Include="include\ntl\vec_ZZ.h">
      <Filter>Header Files</Filter>
    </ClInclude>
    <ClInclude Include="include\ntl\vec_ZZVec.h">
      <Filter>Header Files</Filter>
    </ClInclude>
    <ClInclude Include="include\ntl\vec_ZZ_p.h">
      <Filter>Header Files</Filter>
    </ClInclude>
    <ClInclude Include="include\ntl\vec_ZZ_pE.h">
      <Filter>Header Files</Filter>
    </ClInclude>
    <ClInclude Include="include\ntl\version.h">
      <Filter>Header Files</Filter>
    </ClInclude>
    <ClInclude Include="include\ntl\WordVector.h">
      <Filter>Header Files</Filter>
    </ClInclude>
    <ClInclude Include="include\ntl\xdouble.h">
      <Filter>Header Files</Filter>
    </ClInclude>
    <ClInclude Include="include\ntl\ZZ.h">
      <Filter>Header Files</Filter>
    </ClInclude>
    <ClInclude Include="include\ntl\ZZVec.h">
      <Filter>Header Files</Filter>
    </ClInclude>
    <ClInclude Include="include\ntl\ZZX.h">
      <Filter>Header Files</Filter>
    </ClInclude>
    <ClInclude Include="include\ntl\ZZXFactoring.h">
      <Filter>Header Files</Filter>
    </ClInclude>
    <ClInclude Include="include\ntl\ZZ_p.h">
      <Filter>Header Files</Filter>
    </ClInclude>
    <ClInclude Include="include\ntl\ZZ_pE.h">
      <Filter>Header Files</Filter>
    </ClInclude>
    <ClInclude Include="include\ntl\ZZ_pEX.h">
      <Filter>Header Files</Filter>
    </ClInclude>
    <ClInclude Include="include\ntl\ZZ_pEXFactoring.h">
      <Filter>Header Files</Filter>
    </ClInclude>
    <ClInclude Include="include\ntl\ZZ_pX.h">
      <Filter>Header Files</Filter>
    </ClInclude>
    <ClInclude Include="include\ntl\ZZ_pXFactoring.h">
      <Filter>Header Files</Filter>
    </ClInclude>
    <ClInclude Include="src\c_lip_impl.h">
      <Filter>Header Files</Filter>
    </ClInclude>
    <ClInclude Include="src\g_lip_impl.h">
      <Filter>Header Files</Filter>
    </ClInclude>
  </ItemGroup>
  <ItemGroup>
    <None Include="doc\BasicThreadPool.cpp.html" />
    <None Include="doc\GF2.cpp.html" />
    <None Include="doc\GF2E.cpp.html" />
    <None Include="doc\GF2EX.cpp.html" />
    <None Include="doc\GF2EXFactoring.cpp.html" />
    <None Include="doc\GF2X.cpp.html" />
    <None Include="doc\GF2XFactoring.cpp.html" />
    <None Include="doc\GF2XVec.cpp.html" />
    <None Include="doc\HNF.cpp.html" />
    <None Include="doc\Lazy.cpp.html" />
    <None Include="doc\LazyTable.cpp.html" />
    <None Include="doc\LLL.cpp.html" />
    <None Include="doc\lzz_p.cpp.html" />
    <None Include="doc\lzz_pE.cpp.html" />
    <None Include="doc\lzz_pEX.cpp.html" />
    <None Include="doc\lzz_pEXFactoring.cpp.html" />
    <None Include="doc\lzz_pX.cpp.html" />
    <None Include="doc\lzz_pXFactoring.cpp.html" />
    <None Include="doc\matrix.cpp.html" />
    <None Include="doc\mat_GF2.cpp.html" />
    <None Include="doc\mat_GF2E.cpp.html" />
    <None Include="doc\mat_lzz_p.cpp.html" />
    <None Include="doc\mat_lzz_pE.cpp.html" />
    <None Include="doc\mat_poly_lzz_p.cpp.html" />
    <None Include="doc\mat_poly_ZZ.cpp.html" />
    <None Include="doc\mat_poly_ZZ_p.cpp.html" />
    <None Include="doc\mat_RR.cpp.html" />
    <None Include="doc\mat_ZZ.cpp.html" />
    <None Include="doc\mat_ZZ_p.cpp.html" />
    <None Include="doc\mat_ZZ_pE.cpp.html" />
    <None Include="doc\pair.cpp.html" />
    <None Include="doc\quad_float.cpp.html" />
    <None Include="doc\RR.cpp.html" />
    <None Include="doc\SmartPtr.cpp.html" />
    <None Include="doc\tools.cpp.html" />
    <None Include="doc\tour-ack.html" />
    <None Include="doc\tour-changes.html" />
    <None Include="doc\tour-ex1.html" />
    <None Include="doc\tour-ex2.html" />
    <None Include="doc\tour-ex3.html" />
    <None Include="doc\tour-ex4.html" />
    <None Include="doc\tour-ex5.html" />
    <None Include="doc\tour-ex6.html" />
    <None Include="doc\tour-ex7.html" />
    <None Include="doc\tour-examples.html" />
    <None Include="doc\tour-gf2x.html" />
    <None Include="doc\tour-gmp.html" />
    <None Include="doc\tour-impl.html" />
    <None Include="doc\tour-intro.html" />
    <None Include="doc\tour-modules.html" />
    <None Include="doc\tour-roadmap.html" />
    <None Include="doc\tour-struct.html" />
    <None Include="doc\tour-time.html" />
    <None Include="doc\tour-tips.html" />
    <None Include="doc\tour-unix.html" />
    <None Include="doc\tour-win.html" />
    <None Include="doc\tour.html" />
    <None Include="doc\vector.cpp.html" />
    <None Include="doc\vec_GF2.cpp.html" />
    <None Include="doc\vec_GF2E.cpp.html" />
    <None Include="doc\vec_lzz_p.cpp.html" />
    <None Include="doc\vec_lzz_pE.cpp.html" />
    <None Include="doc\vec_RR.cpp.html" />
    <None Include="doc\vec_ZZ.cpp.html" />
    <None Include="doc\vec_ZZ_p.cpp.html" />
    <None Include="doc\vec_ZZ_pE.cpp.html" />
    <None Include="doc\version.cpp.html" />
    <None Include="doc\xdouble.cpp.html" />
    <None Include="doc\ZZ.cpp.html" />
    <None Include="doc\ZZVec.cpp.html" />
    <None Include="doc\ZZX.cpp.html" />
    <None Include="doc\ZZXFactoring.cpp.html" />
    <None Include="doc\ZZ_p.cpp.html" />
    <None Include="doc\ZZ_pE.cpp.html" />
    <None Include="doc\ZZ_pEX.cpp.html" />
    <None Include="doc\ZZ_pEXFactoring.cpp.html" />
    <None Include="doc\ZZ_pX.cpp.html" />
    <None Include="doc\ZZ_pXFactoring.cpp.html" />
  </ItemGroup>
</Project>