<?xml version="1.0" encoding="utf-8"?>
<Project ToolsVersion="4.0" xmlns="http://schemas.microsoft.com/developer/msbuild/2003">
  <ItemGroup>
    <Filter Include="Generators">
      <UniqueIdentifier>{12940291-2a50-44d2-bde7-b9dd9fd1fa37}</UniqueIdentifier>
      <Extensions>
      </Extensions>
    </Filter>
    <Filter Include="Helpers">
      <UniqueIdentifier>{a5be7e65-c4ab-4dae-93a2-0e19218d2136}</UniqueIdentifier>
    </Filter>
    <Filter Include="Tests">
      <UniqueIdentifier>{4b150bcb-77b6-48f0-9c97-2233a107e0ee}</UniqueIdentifier>
    </Filter>
  </ItemGroup>
  <ItemGroup>
    <Text Include="ReadMe.txt" />
  </ItemGroup>
  <ItemGroup>
    <ClInclude Include="IGeneratorBase.h">
      <Filter>Generators</Filter>
    </ClInclude>
    <ClInclude Include="StandartGenerator.h">
      <Filter>Generators</Filter>
    </ClInclude>
    <ClInclude Include="LehmerGeneratorGeneral.h">
      <Filter>Generators</Filter>
    </ClInclude>
    <ClInclude Include="LehmerHighGenerator.h">
      <Filter>Generators</Filter>
    </ClInclude>
    <ClInclude Include="targetver.h" />
    <ClInclude Include="stdafx.h" />
    <ClInclude Include="LehmerLowGenerator.h">
      <Filter>Generators</Filter>
    </ClInclude>
    <ClInclude Include="LibrarianGenerator.h">
      <Filter>Generators</Filter>
    </ClInclude>
    <ClInclude Include="BBSGenerator.h">
      <Filter>Generators</Filter>
    </ClInclude>
    <ClInclude Include="BBSGeneratorByte.h">
      <Filter>Generators</Filter>
    </ClInclude>
    <ClInclude Include="GeffeGenerator.h">
      <Filter>Generators</Filter>
    </ClInclude>
    <ClInclude Include="L20Generator.h">
      <Filter>Generators</Filter>
    </ClInclude>
    <ClInclude Include="LinearShiftRegister.h">
      <Filter>Generators</Filter>
    </ClInclude>
    <ClInclude Include="L89Generator.h">
      <Filter>Generators</Filter>
    </ClInclude>
    <ClInclude Include="WolframGenerator.h">
      <Filter>Generators</Filter>
    </ClInclude>
    <ClInclude Include="BMGenerator.h">
      <Filter>Generators</Filter>
    </ClInclude>
    <ClInclude Include="BMGeneratorByte.h">
      <Filter>Generators</Filter>
    </ClInclude>
    <ClInclude Include="ZZHelper.h">
      <Filter>Helpers</Filter>
    </ClInclude>
    <ClInclude Include="ITestBase.h">
      <Filter>Tests</Filter>
    </ClInclude>
    <ClInclude Include="GeneratorCreator.h">
      <Filter>Helpers</Filter>
    </ClInclude>
    <ClInclude Include="СEquiprobablyTest.h" />
  </ItemGroup>
  <ItemGroup>
    <ClCompile Include="StandartGenerator.cpp">
      <Filter>Generators</Filter>
    </ClCompile>
    <ClCompile Include="LehmerHighGenerator.cpp">
      <Filter>Generators</Filter>
    </ClCompile>
    <ClCompile Include="LehmerGeneratorGeneral.cpp">
      <Filter>Generators</Filter>
    </ClCompile>
    <ClCompile Include="main.cpp" />
    <ClCompile Include="stdafx.cpp" />
    <ClCompile Include="LehmerLowGenerator.cpp">
      <Filter>Generators</Filter>
    </ClCompile>
    <ClCompile Include="LibrarianGenerator.cpp">
      <Filter>Generators</Filter>
    </ClCompile>
    <ClCompile Include="BBSGenerator.cpp">
      <Filter>Generators</Filter>
    </ClCompile>
    <ClCompile Include="BBSGeneratorByte.cpp">
      <Filter>Generators</Filter>
    </ClCompile>
    <ClCompile Include="GeffeGenerator.cpp">
      <Filter>Generators</Filter>
    </ClCompile>
    <ClCompile Include="L20Generator.cpp">
      <Filter>Generators</Filter>
    </ClCompile>
    <ClCompile Include="LinearShiftRegister.cpp">
      <Filter>Generators</Filter>
    </ClCompile>
    <ClCompile Include="L89Generator.cpp">
      <Filter>Generators</Filter>
    </ClCompile>
    <ClCompile Include="WolframGenerator.cpp">
      <Filter>Generators</Filter>
    </ClCompile>
    <ClCompile Include="BMGenerator.cpp">
      <Filter>Generators</Filter>
    </ClCompile>
    <ClCompile Include="BMGeneratorByte.cpp">
      <Filter>Generators</Filter>
    </ClCompile>
    <ClCompile Include="ZZHelper.cpp">
      <Filter>Helpers</Filter>
    </ClCompile>
    <ClCompile Include="GeneratorCreator.cpp">
      <Filter>Helpers</Filter>
    </ClCompile>
    <ClCompile Include="СEquiprobablyTest.cpp" />
    <ClCompile Include="ITestBase.cpp" />
  </ItemGroup>
</Project>