<?xml version="1.0" encoding="utf-8"?>
<Project ToolsVersion="4.0" xmlns="http://schemas.microsoft.com/developer/msbuild/2003">
  <ItemGroup>
    <Filter Include="Generators">
      <UniqueIdentifier>{12940291-2a50-44d2-bde7-b9dd9fd1fa37}</UniqueIdentifier>
      <Extensions>h;cpp</Extensions>
    </Filter>
  </ItemGroup>
  <ItemGroup>
    <Text Include="ReadMe.txt" />
  </ItemGroup>
  <ItemGroup>
    <ClInclude Include="IGeneratorBase.h">
      <Filter>Generators</Filter>
    </ClInclude>
    <ClInclude Include="StandartGenerator.h">
      <Filter>Generators</Filter>
    </ClInclude>
    <ClInclude Include="LehmerGeneratorGeneral.h">
      <Filter>Generators</Filter>
    </ClInclude>
    <ClInclude Include="LehmerHighGenerator.h">
      <Filter>Generators</Filter>
    </ClInclude>
    <ClInclude Include="targetver.h" />
    <ClInclude Include="stdafx.h" />
    <ClInclude Include="LehmerLowGenerator.h">
      <Filter>Generators</Filter>
    </ClInclude>
    <ClInclude Include="LibrarianGenerator.h">
      <Filter>Generators</Filter>
    </ClInclude>
    <ClInclude Include="BBSGenerator.h">
      <Filter>Generators</Filter>
    </ClInclude>
    <ClInclude Include="ZZHelper.h">
      <Filter>Generators</Filter>
    </ClInclude>
    <ClInclude Include="BBSGeneratorByte.h">
      <Filter>Generators</Filter>
    </ClInclude>
    <ClInclude Include="GeneratorCreator.h">
      <Filter>Generators</Filter>
    </ClInclude>
  </ItemGroup>
  <ItemGroup>
    <ClCompile Include="StandartGenerator.cpp">
      <Filter>Generators</Filter>
    </ClCompile>
    <ClCompile Include="LehmerHighGenerator.cpp">
      <Filter>Generators</Filter>
    </ClCompile>
    <ClCompile Include="LehmerGeneratorGeneral.cpp">
      <Filter>Generators</Filter>
    </ClCompile>
    <ClCompile Include="main.cpp" />
    <ClCompile Include="stdafx.cpp" />
    <ClCompile Include="LehmerLowGenerator.cpp">
      <Filter>Generators</Filter>
    </ClCompile>
    <ClCompile Include="LibrarianGenerator.cpp">
      <Filter>Generators</Filter>
    </ClCompile>
    <ClCompile Include="BBSGenerator.cpp">
      <Filter>Generators</Filter>
    </ClCompile>
    <ClCompile Include="ZZHelper.cpp">
      <Filter>Generators</Filter>
    </ClCompile>
    <ClCompile Include="BBSGeneratorByte.cpp">
      <Filter>Generators</Filter>
    </ClCompile>
    <ClCompile Include="GeneratorCreator.cpp">
      <Filter>Generators</Filter>
    </ClCompile>
  </ItemGroup>
</Project>